schema: '2.0'
stages:
  data_ingestion:
    cmd: python src/data/data_ingestion.py
    deps:
    - path: src/data/data_ingestion.py
      hash: md5
      md5: 1c93fc2231f1e1f6e5b1a13652b493f4
      size: 2981
    params:
      params.yaml:
        data_ingestion.test_size: 0.2
    outs:
    - path: data/raw
      hash: md5
      md5: fb326d2eec197669f9638afde28356bf.dir
      size: 827973
      nfiles: 2
  data_preprocessing:
    cmd: python src/data/data_preprocessing.py
    deps:
    - path: data/raw
      hash: md5
      md5: fb326d2eec197669f9638afde28356bf.dir
      size: 827973
      nfiles: 2
    - path: src/data/data_preprocessing.py
      hash: md5
      md5: 238caa07b901d6204816e936fbc036ac
      size: 3437
    outs:
    - path: data/processed
      hash: md5
      md5: 95020dfcc3675f1baae21ea7b406bcb1.dir
      size: 965648
      nfiles: 2
  feature_engineering:
    cmd: python src/features/feature_engineering.py
    deps:
    - path: data/processed
      hash: md5
      md5: 95020dfcc3675f1baae21ea7b406bcb1.dir
      size: 965648
      nfiles: 2
    - path: src/data/data_preprocessing.py
      hash: md5
      md5: 238caa07b901d6204816e936fbc036ac
      size: 3437
    - path: src/features/feature_engineering.py
      hash: md5
      md5: 8825a39e6c42877ee47877108eb3f205
      size: 3506
    params:
      params.yaml:
        feature_engineering.max_features: 1000
    outs:
    - path: data/interim
      hash: md5
      md5: d7a9a1806157185a710fa8fe9ba93e94.dir
      size: 33253588
      nfiles: 2
  model_training:
    cmd: python src/model/model_training.py
    deps:
    - path: data/interim
      hash: md5
      md5: d7a9a1806157185a710fa8fe9ba93e94.dir
      size: 33253588
      nfiles: 2
    - path: src/model/model_training.py
      hash: md5
      md5: 5bbaea354319dd03d92cbb66ba766e22
      size: 2322
    outs:
    - path: models/model.pkl
      hash: md5
      md5: b9d5051da13ec4c4f5a6e1fb4e305088
      size: 8717
  model_evaluation:
    cmd: python src/model/model_evaluation.py
    deps:
    - path: models/model.pkl
      hash: md5
      md5: b9d5051da13ec4c4f5a6e1fb4e305088
      size: 8717
    - path: src/model/model_evaluation.py
      hash: md5
      md5: f562c90d14a49f4f5f514c97673e701e
      size: 6121
    outs:
    - path: reports/metrics.json
      hash: md5
      md5: 48c7606c5222db5910dd12d6fdee7d20
      size: 145
  model_registration:
    cmd: python src/model/register_model.py
    deps:
    - path: reports/experiment_info.json
      hash: md5
      md5: f5f9a78c12cb013ae5c0074fa796871b
      size: 82
    - path: src/model/register_model.py
      hash: md5
      md5: d60cd030455cd8093e1a714a60f274e9
      size: 3003
